
Microsoft Visual Studio Solution File, Format Version 12.00
# Visual Studio 15
VisualStudioVersion = 15.0.27428.2002
MinimumVisualStudioVersion = 10.0.40219.1
Project("{FAE04EC0-301F-11D3-BF4B-00C04F79EFBC}") = "DelTest", "DelTest\DelTest.csproj", "{372E259B-F73A-4DE5-A657-CDC4BA709FBF}"
EndProject
Global
	GlobalSection(SolutionConfigurationPlatforms) = preSolution
		Debug|Any CPU = Debug|Any CPU
		Release|Any CPU = Release|Any CPU
	EndGlobalSection
	GlobalSection(ProjectConfigurationPlatforms) = postSolution
		{372E259B-F73A-4DE5-A657-CDC4BA709FBF}.Debug|Any CPU.ActiveCfg = Debug|Any CPU
		{372E259B-F73A-4DE5-A657-CDC4BA709FBF}.Debug|Any CPU.Build.0 = Debug|Any CPU
		{372E259B-F73A-4DE5-A657-CDC4BA709FBF}.Release|Any CPU.ActiveCfg = Release|Any CPU
		{372E259B-F73A-4DE5-A657-CDC4BA709FBF}.Release|Any CPU.Build.0 = Release|Any CPU
	EndGlobalSection
	GlobalSection(SolutionProperties) = preSolution
		HideSolutionNode = FALSE
	EndGlobalSection
	GlobalSection(ExtensibilityGlobals) = postSolution
		SolutionGuid = {9605A697-5898-4866-85D7-88E371F01CDF}
	EndGlobalSection
EndGlobal
