
Microsoft Visual Studio Solution File, Format Version 12.00
# Visual Studio 15
VisualStudioVersion = 15.0.27428.2002
MinimumVisualStudioVersion = 10.0.40219.1
Project("{FAE04EC0-301F-11D3-BF4B-00C04F79EFBC}") = "TestCollectClear", "TestCollectClear\TestCollectClear.csproj", "{FF69F854-B0F8-46AF-B7E2-369A9DFACE93}"
EndProject
Global
	GlobalSection(SolutionConfigurationPlatforms) = preSolution
		Debug|Any CPU = Debug|Any CPU
		Release|Any CPU = Release|Any CPU
	EndGlobalSection
	GlobalSection(ProjectConfigurationPlatforms) = postSolution
		{FF69F854-B0F8-46AF-B7E2-369A9DFACE93}.Debug|Any CPU.ActiveCfg = Debug|Any CPU
		{FF69F854-B0F8-46AF-B7E2-369A9DFACE93}.Debug|Any CPU.Build.0 = Debug|Any CPU
		{FF69F854-B0F8-46AF-B7E2-369A9DFACE93}.Release|Any CPU.ActiveCfg = Release|Any CPU
		{FF69F854-B0F8-46AF-B7E2-369A9DFACE93}.Release|Any CPU.Build.0 = Release|Any CPU
	EndGlobalSection
	GlobalSection(SolutionProperties) = preSolution
		HideSolutionNode = FALSE
	EndGlobalSection
	GlobalSection(ExtensibilityGlobals) = postSolution
		SolutionGuid = {B4B5509E-5862-45D9-9310-CCD257BF5973}
	EndGlobalSection
EndGlobal
