
Microsoft Visual Studio Solution File, Format Version 12.00
# Visual Studio 15
VisualStudioVersion = 15.0.28307.136
MinimumVisualStudioVersion = 10.0.40219.1
Project("{FAE04EC0-301F-11D3-BF4B-00C04F79EFBC}") = "RectArrayLearn", "RectArrayLearn\RectArrayLearn.csproj", "{AE3C84BB-6167-4F93-845E-C54F8709B642}"
EndProject
Global
	GlobalSection(SolutionConfigurationPlatforms) = preSolution
		Debug|Any CPU = Debug|Any CPU
		Release|Any CPU = Release|Any CPU
	EndGlobalSection
	GlobalSection(ProjectConfigurationPlatforms) = postSolution
		{AE3C84BB-6167-4F93-845E-C54F8709B642}.Debug|Any CPU.ActiveCfg = Debug|Any CPU
		{AE3C84BB-6167-4F93-845E-C54F8709B642}.Debug|Any CPU.Build.0 = Debug|Any CPU
		{AE3C84BB-6167-4F93-845E-C54F8709B642}.Release|Any CPU.ActiveCfg = Release|Any CPU
		{AE3C84BB-6167-4F93-845E-C54F8709B642}.Release|Any CPU.Build.0 = Release|Any CPU
	EndGlobalSection
	GlobalSection(SolutionProperties) = preSolution
		HideSolutionNode = FALSE
	EndGlobalSection
	GlobalSection(ExtensibilityGlobals) = postSolution
		SolutionGuid = {D05CC5C0-6DFF-441D-9F3E-BE7AFF018A95}
	EndGlobalSection
EndGlobal
