
Microsoft Visual Studio Solution File, Format Version 12.00
# Visual Studio 15
VisualStudioVersion = 15.0.27428.2002
MinimumVisualStudioVersion = 10.0.40219.1
Project("{FAE04EC0-301F-11D3-BF4B-00C04F79EFBC}") = "TestStructContainClass", "TestStructContainClass\TestStructContainClass.csproj", "{3F8247D9-5422-4B85-87DB-33BC58F86F7E}"
EndProject
Global
	GlobalSection(SolutionConfigurationPlatforms) = preSolution
		Debug|Any CPU = Debug|Any CPU
		Release|Any CPU = Release|Any CPU
	EndGlobalSection
	GlobalSection(ProjectConfigurationPlatforms) = postSolution
		{3F8247D9-5422-4B85-87DB-33BC58F86F7E}.Debug|Any CPU.ActiveCfg = Debug|Any CPU
		{3F8247D9-5422-4B85-87DB-33BC58F86F7E}.Debug|Any CPU.Build.0 = Debug|Any CPU
		{3F8247D9-5422-4B85-87DB-33BC58F86F7E}.Release|Any CPU.ActiveCfg = Release|Any CPU
		{3F8247D9-5422-4B85-87DB-33BC58F86F7E}.Release|Any CPU.Build.0 = Release|Any CPU
	EndGlobalSection
	GlobalSection(SolutionProperties) = preSolution
		HideSolutionNode = FALSE
	EndGlobalSection
	GlobalSection(ExtensibilityGlobals) = postSolution
		SolutionGuid = {0316CF09-466F-49AD-AC45-56D613EF43CA}
	EndGlobalSection
EndGlobal
