
Microsoft Visual Studio Solution File, Format Version 12.00
# Visual Studio 15
VisualStudioVersion = 15.0.27428.2002
MinimumVisualStudioVersion = 10.0.40219.1
Project("{FAE04EC0-301F-11D3-BF4B-00C04F79EFBC}") = "TestCollectionRemove", "TestCollectionRemove\TestCollectionRemove.csproj", "{DDA955EB-634B-4B65-B53F-7E8313005F3D}"
EndProject
Global
	GlobalSection(SolutionConfigurationPlatforms) = preSolution
		Debug|Any CPU = Debug|Any CPU
		Release|Any CPU = Release|Any CPU
	EndGlobalSection
	GlobalSection(ProjectConfigurationPlatforms) = postSolution
		{DDA955EB-634B-4B65-B53F-7E8313005F3D}.Debug|Any CPU.ActiveCfg = Debug|Any CPU
		{DDA955EB-634B-4B65-B53F-7E8313005F3D}.Debug|Any CPU.Build.0 = Debug|Any CPU
		{DDA955EB-634B-4B65-B53F-7E8313005F3D}.Release|Any CPU.ActiveCfg = Release|Any CPU
		{DDA955EB-634B-4B65-B53F-7E8313005F3D}.Release|Any CPU.Build.0 = Release|Any CPU
	EndGlobalSection
	GlobalSection(SolutionProperties) = preSolution
		HideSolutionNode = FALSE
	EndGlobalSection
	GlobalSection(ExtensibilityGlobals) = postSolution
		SolutionGuid = {38D8DE17-BD44-49E0-BD8F-48AF50C3A406}
	EndGlobalSection
EndGlobal
